// !$*UTF8*$!
{
	archiveVersion = 1;
	classes = {
	};
	objectVersion = 48;
	objects = {

/* Begin PBXBuildFile section */
		40DF8C991FD31F6C00234F72 /* AppDelegate.swift in Sources */ = {isa = PBXBuildFile; fileRef = 40DF8C981FD31F6C00234F72 /* AppDelegate.swift */; };
		40DF8C9B1FD31F6C00234F72 /* ViewController.swift in Sources */ = {isa = PBXBuildFile; fileRef = 40DF8C9A1FD31F6C00234F72 /* ViewController.swift */; };
		40DF8C9E1FD31F6C00234F72 /* Main.storyboard in Resources */ = {isa = PBXBuildFile; fileRef = 40DF8C9C1FD31F6C00234F72 /* Main.storyboard */; };
		40DF8CA01FD31F6C00234F72 /* Assets.xcassets in Resources */ = {isa = PBXBuildFile; fileRef = 40DF8C9F1FD31F6C00234F72 /* Assets.xcassets */; };
		40DF8CA31FD31F6C00234F72 /* LaunchScreen.storyboard in Resources */ = {isa = PBXBuildFile; fileRef = 40DF8CA11FD31F6C00234F72 /* LaunchScreen.storyboard */; };
		B97C335FEA05FBFB3FB3426D /* Pods_Expense_Manager.framework in Frameworks */ = {isa = PBXBuildFile; fileRef = D61945DBC93F2925F222268F /* Pods_Expense_Manager.framework */; };
/* End PBXBuildFile section */

/* Begin PBXFileReference section */
		40DF8C951FD31F6C00234F72 /* Expense Manager.app */ = {isa = PBXFileReference; explicitFileType = wrapper.application; includeInIndex = 0; path = "Expense Manager.app"; sourceTree = BUILT_PRODUCTS_DIR; };
		40DF8C981FD31F6C00234F72 /* AppDelegate.swift */ = {isa = PBXFileReference; lastKnownFileType = sourcecode.swift; path = AppDelegate.swift; sourceTree = "<group>"; };
		40DF8C9A1FD31F6C00234F72 /* ViewController.swift */ = {isa = PBXFileReference; lastKnownFileType = sourcecode.swift; path = ViewController.swift; sourceTree = "<group>"; };
		40DF8C9D1FD31F6C00234F72 /* Base */ = {isa = PBXFileReference; lastKnownFileType = file.storyboard; name = Base; path = Base.lproj/Main.storyboard; sourceTree = "<group>"; };
		40DF8C9F1FD31F6C00234F72 /* Assets.xcassets */ = {isa = PBXFileReference; lastKnownFileType = folder.assetcatalog; path = Assets.xcassets; sourceTree = "<group>"; };
		40DF8CA21FD31F6C00234F72 /* Base */ = {isa = PBXFileReference; lastKnownFileType = file.storyboard; name = Base; path = Base.lproj/LaunchScreen.storyboard; sourceTree = "<group>"; };
		40DF8CA41FD31F6C00234F72 /* Info.plist */ = {isa = PBXFileReference; lastKnownFileType = text.plist.xml; path = Info.plist; sourceTree = "<group>"; };
		45BEB827A4C2E2CAB4C463A1 /* Pods-Expense Manager.debug.xcconfig */ = {isa = PBXFileReference; includeInIndex = 1; lastKnownFileType = text.xcconfig; name = "Pods-Expense Manager.debug.xcconfig"; path = "Pods/Target Support Files/Pods-Expense Manager/Pods-Expense Manager.debug.xcconfig"; sourceTree = "<group>"; };
		6D8E28523E55D0605CA8CC3F /* Pods-Expense Manager.release.xcconfig */ = {isa = PBXFileReference; includeInIndex = 1; lastKnownFileType = text.xcconfig; name = "Pods-Expense Manager.release.xcconfig"; path = "Pods/Target Support Files/Pods-Expense Manager/Pods-Expense Manager.release.xcconfig"; sourceTree = "<group>"; };
		D61945DBC93F2925F222268F /* Pods_Expense_Manager.framework */ = {isa = PBXFileReference; explicitFileType = wrapper.framework; includeInIndex = 0; path = Pods_Expense_Manager.framework; sourceTree = BUILT_PRODUCTS_DIR; };
/* End PBXFileReference section */

/* Begin PBXFrameworksBuildPhase section */
		40DF8C921FD31F6C00234F72 /* Frameworks */ = {
			isa = PBXFrameworksBuildPhase;
			buildActionMask = 2147483647;
			files = (
				B97C335FEA05FBFB3FB3426D /* Pods_Expense_Manager.framework in Frameworks */,
			);
			runOnlyForDeploymentPostprocessing = 0;
		};
/* End PBXFrameworksBuildPhase section */

/* Begin PBXGroup section */
		40DF8C8C1FD31F6C00234F72 = {
			isa = PBXGroup;
			children = (
				40DF8C971FD31F6C00234F72 /* Expense Manager */,
				40DF8C961FD31F6C00234F72 /* Products */,
				C2C048FB9626E22C75B86846 /* Pods */,
				97DC958CB0CA9D24A60A47CF /* Frameworks */,
			);
			sourceTree = "<group>";
		};
		40DF8C961FD31F6C00234F72 /* Products */ = {
			isa = PBXGroup;
			children = (
				40DF8C951FD31F6C00234F72 /* Expense Manager.app */,
			);
			name = Products;
			sourceTree = "<group>";
		};
		40DF8C971FD31F6C00234F72 /* Expense Manager */ = {
			isa = PBXGroup;
			children = (
				40DF8C981FD31F6C00234F72 /* AppDelegate.swift */,
				40DF8C9A1FD31F6C00234F72 /* ViewController.swift */,
				40DF8C9C1FD31F6C00234F72 /* Main.storyboard */,
				40DF8C9F1FD31F6C00234F72 /* Assets.xcassets */,
				40DF8CA11FD31F6C00234F72 /* LaunchScreen.storyboard */,
				40DF8CA41FD31F6C00234F72 /* Info.plist */,
			);
			path = "Expense Manager";
			sourceTree = "<group>";
		};
		97DC958CB0CA9D24A60A47CF /* Frameworks */ = {
			isa = PBXGroup;
			children = (
				D61945DBC93F2925F222268F /* Pods_Expense_Manager.framework */,
			);
			name = Frameworks;
			sourceTree = "<group>";
		};
		C2C048FB9626E22C75B86846 /* Pods */ = {
			isa = PBXGroup;
			children = (
				45BEB827A4C2E2CAB4C463A1 /* Pods-Expense Manager.debug.xcconfig */,
				6D8E28523E55D0605CA8CC3F /* Pods-Expense Manager.release.xcconfig */,
			);
			name = Pods;
			sourceTree = "<group>";
		};
/* End PBXGroup section */

/* Begin PBXNativeTarget section */
		40DF8C941FD31F6C00234F72 /* Expense Manager */ = {
			isa = PBXNativeTarget;
			buildConfigurationList = 40DF8CA71FD31F6C00234F72 /* Build configuration list for PBXNativeTarget "Expense Manager" */;
			buildPhases = (
				ECD46D9ED4D566C042E97F31 /* [CP] Check Pods Manifest.lock */,
				40DF8C911FD31F6C00234F72 /* Sources */,
				40DF8C921FD31F6C00234F72 /* Frameworks */,
				40DF8C931FD31F6C00234F72 /* Resources */,
				ED040E06987164C514085322 /* [CP] Embed Pods Frameworks */,
				06068D80E427C59329F8ED16 /* [CP] Copy Pods Resources */,
			);
			buildRules = (
			);
			dependencies = (
			);
			name = "Expense Manager";
			productName = "Expense Manager";
			productReference = 40DF8C951FD31F6C00234F72 /* Expense Manager.app */;
			productType = "com.apple.product-type.application";
		};
/* End PBXNativeTarget section */

/* Begin PBXProject section */
		40DF8C8D1FD31F6C00234F72 /* Project object */ = {
			isa = PBXProject;
			attributes = {
				LastSwiftUpdateCheck = 0910;
				LastUpgradeCheck = 0910;
				ORGANIZATIONNAME = "Cristian Palomino Rivera";
				TargetAttributes = {
					40DF8C941FD31F6C00234F72 = {
						CreatedOnToolsVersion = 9.1;
						ProvisioningStyle = Automatic;
					};
				};
			};
			buildConfigurationList = 40DF8C901FD31F6C00234F72 /* Build configuration list for PBXProject "Expense Manager" */;
			compatibilityVersion = "Xcode 8.0";
			developmentRegion = en;
			hasScannedForEncodings = 0;
			knownRegions = (
				en,
				Base,
			);
			mainGroup = 40DF8C8C1FD31F6C00234F72;
			productRefGroup = 40DF8C961FD31F6C00234F72 /* Products */;
			projectDirPath = "";
			projectRoot = "";
			targets = (
				40DF8C941FD31F6C00234F72 /* Expense Manager */,
			);
		};
/* End PBXProject section */

/* Begin PBXResourcesBuildPhase section */
		40DF8C931FD31F6C00234F72 /* Resources */ = {
			isa = PBXResourcesBuildPhase;
			buildActionMask = 2147483647;
			files = (
				40DF8CA31FD31F6C00234F72 /* LaunchScreen.storyboard in Resources */,
				40DF8CA01FD31F6C00234F72 /* Assets.xcassets in Resources */,
				40DF8C9E1FD31F6C00234F72 /* Main.storyboard in Resources */,
			);
			runOnlyForDeploymentPostprocessing = 0;
		};
/* End PBXResourcesBuildPhase section */

/* Begin PBXShellScriptBuildPhase section */
		06068D80E427C59329F8ED16 /* [CP] Copy Pods Resources */ = {
			isa = PBXShellScriptBuildPhase;
			buildActionMask = 2147483647;
			files = (
			);
			inputPaths = (
			);
			name = "[CP] Copy Pods Resources";
			outputPaths = (
			);
			runOnlyForDeploymentPostprocessing = 0;
			shellPath = /bin/sh;
			shellScript = "\"${SRCROOT}/Pods/Target Support Files/Pods-Expense Manager/Pods-Expense Manager-resources.sh\"\n";
			showEnvVarsInLog = 0;
		};
		ECD46D9ED4D566C042E97F31 /* [CP] Check Pods Manifest.lock */ = {
			isa = PBXShellScriptBuildPhase;
			buildActionMask = 2147483647;
			files = (
			);
			inputPaths = (
				"${PODS_PODFILE_DIR_PATH}/Podfile.lock",
				"${PODS_ROOT}/Manifest.lock",
			);
			name = "[CP] Check Pods Manifest.lock";
			outputPaths = (
				"$(DERIVED_FILE_DIR)/Pods-Expense Manager-checkManifestLockResult.txt",
			);
			runOnlyForDeploymentPostprocessing = 0;
			shellPath = /bin/sh;
			shellScript = "diff \"${PODS_PODFILE_DIR_PATH}/Podfile.lock\" \"${PODS_ROOT}/Manifest.lock\" > /dev/null\nif [ $? != 0 ] ; then\n    # print error to STDERR\n    echo \"error: The sandbox is not in sync with the Podfile.lock. Run 'pod install' or update your CocoaPods installation.\" >&2\n    exit 1\nfi\n# This output is used by Xcode 'outputs' to avoid re-running this script phase.\necho \"SUCCESS\" > \"${SCRIPT_OUTPUT_FILE_0}\"\n";
			showEnvVarsInLog = 0;
		};
		ED040E06987164C514085322 /* [CP] Embed Pods Frameworks */ = {
			isa = PBXShellScriptBuildPhase;
			buildActionMask = 2147483647;
			files = (
			);
			inputPaths = (
				"${SRCROOT}/Pods/Target Support Files/Pods-Expense Manager/Pods-Expense Manager-frameworks.sh",
				"${BUILT_PRODUCTS_DIR}/Alamofire/Alamofire.framework",
				"${BUILT_PRODUCTS_DIR}/R.swift.Library/Rswift.framework",
				"${BUILT_PRODUCTS_DIR}/RxCocoa/RxCocoa.framework",
				"${BUILT_PRODUCTS_DIR}/RxSwift/RxSwift.framework",
				"${BUILT_PRODUCTS_DIR}/SwiftyJSON/SwiftyJSON.framework",
			);
			name = "[CP] Embed Pods Frameworks";
			outputPaths = (
				"${TARGET_BUILD_DIR}/${FRAMEWORKS_FOLDER_PATH}/Alamofire.framework",
				"${TARGET_BUILD_DIR}/${FRAMEWORKS_FOLDER_PATH}/Rswift.framework",
				"${TARGET_BUILD_DIR}/${FRAMEWORKS_FOLDER_PATH}/RxCocoa.framework",
				"${TARGET_BUILD_DIR}/${FRAMEWORKS_FOLDER_PATH}/RxSwift.framework",
				"${TARGET_BUILD_DIR}/${FRAMEWORKS_FOLDER_PATH}/SwiftyJSON.framework",
			);
			runOnlyForDeploymentPostprocessing = 0;
			shellPath = /bin/sh;
			shellScript = "\"${SRCROOT}/Pods/Target Support Files/Pods-Expense Manager/Pods-Expense Manager-frameworks.sh\"\n";
			showEnvVarsInLog = 0;
		};
/* End PBXShellScriptBuildPhase section */

/* Begin PBXSourcesBuildPhase section */
		40DF8C911FD31F6C00234F72 /* Sources */ = {
			isa = PBXSourcesBuildPhase;
			buildActionMask = 2147483647;
			files = (
				40DF8C9B1FD31F6C00234F72 /* ViewController.swift in Sources */,
				40DF8C991FD31F6C00234F72 /* AppDelegate.swift in Sources */,
			);
			runOnlyForDeploymentPostprocessing = 0;
		};
/* End PBXSourcesBuildPhase section */

/* Begin PBXVariantGroup section */
		40DF8C9C1FD31F6C00234F72 /* Main.storyboard */ = {
			isa = PBXVariantGroup;
			children = (
				40DF8C9D1FD31F6C00234F72 /* Base */,
			);
			name = Main.storyboard;
			sourceTree = "<group>";
		};
		40DF8CA11FD31F6C00234F72 /* LaunchScreen.storyboard */ = {
			isa = PBXVariantGroup;
			children = (
				40DF8CA21FD31F6C00234F72 /* Base */,
			);
			name = LaunchScreen.storyboard;
			sourceTree = "<group>";
		};
/* End PBXVariantGroup section */

/* Begin XCBuildConfiguration section */
		40DF8CA51FD31F6C00234F72 /* Debug */ = {
			isa = XCBuildConfiguration;
			buildSettings = {
				ALWAYS_SEARCH_USER_PATHS = NO;
				CLANG_ANALYZER_NONNULL = YES;
				CLANG_ANALYZER_NUMBER_OBJECT_CONVERSION = YES_AGGRESSIVE;
				CLANG_CXX_LANGUAGE_STANDARD = "gnu++14";
				CLANG_CXX_LIBRARY = "libc++";
				CLANG_ENABLE_MODULES = YES;
				CLANG_ENABLE_OBJC_ARC = YES;
				CLANG_WARN_BLOCK_CAPTURE_AUTORELEASING = YES;
				CLANG_WARN_BOOL_CONVERSION = YES;
				CLANG_WARN_COMMA = YES;
				CLANG_WARN_CONSTANT_CONVERSION = YES;
				CLANG_WARN_DIRECT_OBJC_ISA_USAGE = YES_ERROR;
				CLANG_WARN_DOCUMENTATION_COMMENTS = YES;
				CLANG_WARN_EMPTY_BODY = YES;
				CLANG_WARN_ENUM_CONVERSION = YES;
				CLANG_WARN_INFINITE_RECURSION = YES;
				CLANG_WARN_INT_CONVERSION = YES;
				CLANG_WARN_NON_LITERAL_NULL_CONVERSION = YES;
				CLANG_WARN_OBJC_LITERAL_CONVERSION = YES;
				CLANG_WARN_OBJC_ROOT_CLASS = YES_ERROR;
				CLANG_WARN_RANGE_LOOP_ANALYSIS = YES;
				CLANG_WARN_STRICT_PROTOTYPES = YES;
				CLANG_WARN_SUSPICIOUS_MOVE = YES;
				CLANG_WARN_UNGUARDED_AVAILABILITY = YES_AGGRESSIVE;
				CLANG_WARN_UNREACHABLE_CODE = YES;
				CLANG_WARN__DUPLICATE_METHOD_MATCH = YES;
				CODE_SIGN_IDENTITY = "iPhone Developer";
				COPY_PHASE_STRIP = NO;
				DEBUG_INFORMATION_FORMAT = dwarf;
				ENABLE_STRICT_OBJC_MSGSEND = YES;
				ENABLE_TESTABILITY = YES;
				GCC_C_LANGUAGE_STANDARD = gnu11;
				GCC_DYNAMIC_NO_PIC = NO;
				GCC_NO_COMMON_BLOCKS = YES;
				GCC_OPTIMIZATION_LEVEL = 0;
				GCC_PREPROCESSOR_DEFINITIONS = (
					"DEBUG=1",
					"$(inherited)",
				);
				GCC_WARN_64_TO_32_BIT_CONVERSION = YES;
				GCC_WARN_ABOUT_RETURN_TYPE = YES_ERROR;
				GCC_WARN_UNDECLARED_SELECTOR = YES;
				GCC_WARN_UNINITIALIZED_AUTOS = YES_AGGRESSIVE;
				GCC_WARN_UNUSED_FUNCTION = YES;
				GCC_WARN_UNUSED_VARIABLE = YES;
				IPHONEOS_DEPLOYMENT_TARGET = 11.1;
				MTL_ENABLE_DEBUG_INFO = YES;
				ONLY_ACTIVE_ARCH = YES;
				SDKROOT = iphoneos;
				SWIFT_ACTIVE_COMPILATION_CONDITIONS = DEBUG;
				SWIFT_OPTIMIZATION_LEVEL = "-Onone";
			};
			name = Debug;
		};
		40DF8CA61FD31F6C00234F72 /* Release */ = {
			isa = XCBuildConfiguration;
			buildSettings = {
				ALWAYS_SEARCH_USER_PATHS = NO;
				CLANG_ANALYZER_NONNULL = YES;
				CLANG_ANALYZER_NUMBER_OBJECT_CONVERSION = YES_AGGRESSIVE;
				CLANG_CXX_LANGUAGE_STANDARD = "gnu++14";
				CLANG_CXX_LIBRARY = "libc++";
				CLANG_ENABLE_MODULES = YES;
				CLANG_ENABLE_OBJC_ARC = YES;
				CLANG_WARN_BLOCK_CAPTURE_AUTORELEASING = YES;
				CLANG_WARN_BOOL_CONVERSION = YES;
				CLANG_WARN_COMMA = YES;
				CLANG_WARN_CONSTANT_CONVERSION = YES;
				CLANG_WARN_DIRECT_OBJC_ISA_USAGE = YES_ERROR;
				CLANG_WARN_DOCUMENTATION_COMMENTS = YES;
				CLANG_WARN_EMPTY_BODY = YES;
				CLANG_WARN_ENUM_CONVERSION = YES;
				CLANG_WARN_INFINITE_RECURSION = YES;
				CLANG_WARN_INT_CONVERSION = YES;
				CLANG_WARN_NON_LITERAL_NULL_CONVERSION = YES;
				CLANG_WARN_OBJC_LITERAL_CONVERSION = YES;
				CLANG_WARN_OBJC_ROOT_CLASS = YES_ERROR;
				CLANG_WARN_RANGE_LOOP_ANALYSIS = YES;
				CLANG_WARN_STRICT_PROTOTYPES = YES;
				CLANG_WARN_SUSPICIOUS_MOVE = YES;
				CLANG_WARN_UNGUARDED_AVAILABILITY = YES_AGGRESSIVE;
				CLANG_WARN_UNREACHABLE_CODE = YES;
				CLANG_WARN__DUPLICATE_METHOD_MATCH = YES;
				CODE_SIGN_IDENTITY = "iPhone Developer";
				COPY_PHASE_STRIP = NO;
				DEBUG_INFORMATION_FORMAT = "dwarf-with-dsym";
				ENABLE_NS_ASSERTIONS = NO;
				ENABLE_STRICT_OBJC_MSGSEND = YES;
				GCC_C_LANGUAGE_STANDARD = gnu11;
				GCC_NO_COMMON_BLOCKS = YES;
				GCC_WARN_64_TO_32_BIT_CONVERSION = YES;
				GCC_WARN_ABOUT_RETURN_TYPE = YES_ERROR;
				GCC_WARN_UNDECLARED_SELECTOR = YES;
				GCC_WARN_UNINITIALIZED_AUTOS = YES_AGGRESSIVE;
				GCC_WARN_UNUSED_FUNCTION = YES;
				GCC_WARN_UNUSED_VARIABLE = YES;
				IPHONEOS_DEPLOYMENT_TARGET = 11.1;
				MTL_ENABLE_DEBUG_INFO = NO;
				SDKROOT = iphoneos;
				SWIFT_OPTIMIZATION_LEVEL = "-Owholemodule";
				VALIDATE_PRODUCT = YES;
			};
			name = Release;
		};
		40DF8CA81FD31F6C00234F72 /* Debug */ = {
			isa = XCBuildConfiguration;
			baseConfigurationReference = 45BEB827A4C2E2CAB4C463A1 /* Pods-Expense Manager.debug.xcconfig */;
			buildSettings = {
				ASSETCATALOG_COMPILER_APPICON_NAME = AppIcon;
				CODE_SIGN_STYLE = Automatic;
				DEVELOPMENT_TEAM = 79SAEB56W5;
				INFOPLIST_FILE = "Expense Manager/Info.plist";
				LD_RUNPATH_SEARCH_PATHS = "$(inherited) @executable_path/Frameworks";
				PRODUCT_BUNDLE_IDENTIFIER = "com.capr.Expense-Manager";
				PRODUCT_NAME = "$(TARGET_NAME)";
				SWIFT_VERSION = 4.0;
				TARGETED_DEVICE_FAMILY = "1,2";
			};
			name = Debug;
		};
		40DF8CA91FD31F6C00234F72 /* Release */ = {
			isa = XCBuildConfiguration;
			baseConfigurationReference = 6D8E28523E55D0605CA8CC3F /* Pods-Expense Manager.release.xcconfig */;
			buildSettings = {
				ASSETCATALOG_COMPILER_APPICON_NAME = AppIcon;
				CODE_SIGN_STYLE = Automatic;
				DEVELOPMENT_TEAM = 79SAEB56W5;
				INFOPLIST_FILE = "Expense Manager/Info.plist";
				LD_RUNPATH_SEARCH_PATHS = "$(inherited) @executable_path/Frameworks";
				PRODUCT_BUNDLE_IDENTIFIER = "com.capr.Expense-Manager";
				PRODUCT_NAME = "$(TARGET_NAME)";
				SWIFT_VERSION = 4.0;
				TARGETED_DEVICE_FAMILY = "1,2";
			};
			name = Release;
		};
/* End XCBuildConfiguration section */

/* Begin XCConfigurationList section */
		40DF8C901FD31F6C00234F72 /* Build configuration list for PBXProject "Expense Manager" */ = {
			isa = XCConfigurationList;
			buildConfigurations = (
				40DF8CA51FD31F6C00234F72 /* Debug */,
				40DF8CA61FD31F6C00234F72 /* Release */,
			);
			defaultConfigurationIsVisible = 0;
			defaultConfigurationName = Release;
		};
		40DF8CA71FD31F6C00234F72 /* Build configuration list for PBXNativeTarget "Expense Manager" */ = {
			isa = XCConfigurationList;
			buildConfigurations = (
				40DF8CA81FD31F6C00234F72 /* Debug */,
				40DF8CA91FD31F6C00234F72 /* Release */,
			);
			defaultConfigurationIsVisible = 0;
			defaultConfigurationName = Release;
		};
/* End XCConfigurationList section */
	};
	rootObject = 40DF8C8D1FD31F6C00234F72 /* Project object */;
}
